{
  "nodes": {
    "nixpkgs": {
      "locked": {
        "lastModified": 1758805872,
        "narHash": "sha256-gOsSK25eqif9Ge/LKxNrxTaVH/lzdWRFRnrtDLw+tas=",
        "owner": "drunkod",
        "repo": "nixpkgs",
        "rev": "62c34eb5407e01e4d3aa57de99341d8c45557e9d",
        "type": "github"
      },
      "original": {
        "owner": "drunkod",
        "ref": "sashai-browser-1",
        "repo": "nixpkgs",
        "type": "github"
      }
    },
    "root": {
      "inputs": {
        "nixpkgs": "nixpkgs"
      }
    }
  },
  "root": "root",
  "version": 7
}
